{
  "name": "gams-web",
  "lockfileVersion": 3,
  "requires": true,
  "packages": {
    "": {
      "name": "gams-web",
      "dependencies": {
        "@fontsource/dm-sans": "^5.2.5",
        "@fortawesome/fontawesome-free": "^6.5.1"
      }
    },
    "node_modules/@fontsource/dm-sans": {
      "version": "5.2.8",
      "resolved": "https://registry.npmjs.org/@fontsource/dm-sans/-/dm-sans-5.2.8.tgz",
      "integrity": "sha512-tlovG42m9ESG28WiHpLq3F5umAlm64rv0RkqTbYowRn70e9OlRr5a3yTJhrhrY+k5lftR/OFJjPzOLQzk8EfCA==",
      "license": "OFL-1.1",
      "funding": {
        "url": "https://github.com/sponsors/ayuhito"
      }
    },
    "node_modules/@fortawesome/fontawesome-free": {
      "version": "6.7.2",
      "resolved": "https://registry.npmjs.org/@fortawesome/fontawesome-free/-/fontawesome-free-6.7.2.tgz",
      "integrity": "sha512-JUOtgFW6k9u4Y+xeIaEiLr3+cjoUPiAuLXoyKOJSia6Duzb7pq+A76P9ZdPDoAoxHdHzq6gE9/jKBGXlZT8FbA==",
      "license": "(CC-BY-4.0 AND OFL-1.1 AND MIT)",
      "engines": {
        "node": ">=6"
      }
    }
  }
}
